
Microsoft Visual Studio Solution File, Format Version 12.00
# Visual Studio 14
VisualStudioVersion = 14.0.24720.0
MinimumVisualStudioVersion = 10.0.40219.1
Project("{FAE04EC0-301F-11D3-BF4B-00C04F79EFBC}") = "LiuQianMisssion", "LiuQianMisssion\LiuQianMisssion.csproj", "{162EA0E3-6F03-47E9-BA7D-57E25B1C513E}"
EndProject
Project("{FAE04EC0-301F-11D3-BF4B-00C04F79EFBC}") = "DataAcess", "DataAcess\DataAcess.csproj", "{9A14715C-BB3B-4C34-802A-FA2119E73AF0}"
EndProject
Project("{FAE04EC0-301F-11D3-BF4B-00C04F79EFBC}") = "DataModel", "DataModel\DataModel.csproj", "{93DB4676-D1F2-4630-89DD-38BB7523090D}"
EndProject
Global
	GlobalSection(SolutionConfigurationPlatforms) = preSolution
		Debug|Any CPU = Debug|Any CPU
		Release|Any CPU = Release|Any CPU
	EndGlobalSection
	GlobalSection(ProjectConfigurationPlatforms) = postSolution
		{162EA0E3-6F03-47E9-BA7D-57E25B1C513E}.Debug|Any CPU.ActiveCfg = Debug|Any CPU
		{162EA0E3-6F03-47E9-BA7D-57E25B1C513E}.Debug|Any CPU.Build.0 = Debug|Any CPU
		{162EA0E3-6F03-47E9-BA7D-57E25B1C513E}.Release|Any CPU.ActiveCfg = Release|Any CPU
		{162EA0E3-6F03-47E9-BA7D-57E25B1C513E}.Release|Any CPU.Build.0 = Release|Any CPU
		{9A14715C-BB3B-4C34-802A-FA2119E73AF0}.Debug|Any CPU.ActiveCfg = Debug|Any CPU
		{9A14715C-BB3B-4C34-802A-FA2119E73AF0}.Debug|Any CPU.Build.0 = Debug|Any CPU
		{9A14715C-BB3B-4C34-802A-FA2119E73AF0}.Release|Any CPU.ActiveCfg = Release|Any CPU
		{9A14715C-BB3B-4C34-802A-FA2119E73AF0}.Release|Any CPU.Build.0 = Release|Any CPU
		{93DB4676-D1F2-4630-89DD-38BB7523090D}.Debug|Any CPU.ActiveCfg = Debug|Any CPU
		{93DB4676-D1F2-4630-89DD-38BB7523090D}.Debug|Any CPU.Build.0 = Debug|Any CPU
		{93DB4676-D1F2-4630-89DD-38BB7523090D}.Release|Any CPU.ActiveCfg = Release|Any CPU
		{93DB4676-D1F2-4630-89DD-38BB7523090D}.Release|Any CPU.Build.0 = Release|Any CPU
	EndGlobalSection
	GlobalSection(SolutionProperties) = preSolution
		HideSolutionNode = FALSE
	EndGlobalSection
EndGlobal
